// !$*UTF8*$!
{
	archiveVersion = 1;
	classes = {
	};
	objectVersion = 51;
	objects = {

/* Begin PBXBuildFile section */
		0B0DA23625979AC80078FC1C /* AppDelegate.swift in Sources */ = {isa = PBXBuildFile; fileRef = 0B0DA23525979AC80078FC1C /* AppDelegate.swift */; };
		0B0DA23825979AC80078FC1C /* SceneDelegate.swift in Sources */ = {isa = PBXBuildFile; fileRef = 0B0DA23725979AC80078FC1C /* SceneDelegate.swift */; };
		0B0DA23F25979ACB0078FC1C /* Assets.xcassets in Resources */ = {isa = PBXBuildFile; fileRef = 0B0DA23E25979ACB0078FC1C /* Assets.xcassets */; };
		0B0DA24225979ACB0078FC1C /* LaunchScreen.storyboard in Resources */ = {isa = PBXBuildFile; fileRef = 0B0DA24025979ACB0078FC1C /* LaunchScreen.storyboard */; };
		0B0DA24D25979ACB0078FC1C /* WeatherOrNotTests.swift in Sources */ = {isa = PBXBuildFile; fileRef = 0B0DA24C25979ACB0078FC1C /* WeatherOrNotTests.swift */; };
		0B0DA25825979ACB0078FC1C /* WeatherOrNotUITests.swift in Sources */ = {isa = PBXBuildFile; fileRef = 0B0DA25725979ACB0078FC1C /* WeatherOrNotUITests.swift */; };
		0B2F3F2725979E4000FF4C90 /* Coordinator.swift in Sources */ = {isa = PBXBuildFile; fileRef = 0B2F3F2625979E4000FF4C90 /* Coordinator.swift */; };
		0B2F3F3325979F6100FF4C90 /* WeatherVC.swift in Sources */ = {isa = PBXBuildFile; fileRef = 0B2F3F3225979F6100FF4C90 /* WeatherVC.swift */; };
		0B2F3F412597A0F100FF4C90 /* WeatherOverallView.swift in Sources */ = {isa = PBXBuildFile; fileRef = 0B2F3F402597A0F100FF4C90 /* WeatherOverallView.swift */; };
		0B2F3F4A2597A19700FF4C90 /* Services.swift in Sources */ = {isa = PBXBuildFile; fileRef = 0B2F3F492597A19700FF4C90 /* Services.swift */; };
		0B2F3F582597A1C700FF4C90 /* LocationService.swift in Sources */ = {isa = PBXBuildFile; fileRef = 0B2F3F572597A1C700FF4C90 /* LocationService.swift */; };
		0B2F3F5D2597A1D900FF4C90 /* WeatherService.swift in Sources */ = {isa = PBXBuildFile; fileRef = 0B2F3F5C2597A1D900FF4C90 /* WeatherService.swift */; };
		0B2F3F6E2599EE0900FF4C90 /* Location.swift in Sources */ = {isa = PBXBuildFile; fileRef = 0B2F3F6D2599EE0900FF4C90 /* Location.swift */; };
		0B2F3F83259A083F00FF4C90 /* Weather.swift in Sources */ = {isa = PBXBuildFile; fileRef = 0B2F3F82259A083F00FF4C90 /* Weather.swift */; };
		0BA74F3C259BDDD000F653DD /* WeatherResponseDTO.swift in Sources */ = {isa = PBXBuildFile; fileRef = 0BA74F3B259BDDD000F653DD /* WeatherResponseDTO.swift */; };
		0BA74F45259BE26600F653DD /* WeatherIconURLFormatter.swift in Sources */ = {isa = PBXBuildFile; fileRef = 0BA74F44259BE26600F653DD /* WeatherIconURLFormatter.swift */; };
		0BA74F4A259BE50200F653DD /* WindDirectionFormatter.swift in Sources */ = {isa = PBXBuildFile; fileRef = 0BA74F49259BE50200F653DD /* WindDirectionFormatter.swift */; };
		8CEAF1694B3A6F2CD07DBA72 /* Pods_WeatherOrNot.framework in Frameworks */ = {isa = PBXBuildFile; fileRef = 33EF864EC72CAD7CD712D1E0 /* Pods_WeatherOrNot.framework */; };
/* End PBXBuildFile section */

/* Begin PBXContainerItemProxy section */
		0B0DA24925979ACB0078FC1C /* PBXContainerItemProxy */ = {
			isa = PBXContainerItemProxy;
			containerPortal = 0B0DA22A25979AC80078FC1C /* Project object */;
			proxyType = 1;
			remoteGlobalIDString = 0B0DA23125979AC80078FC1C;
			remoteInfo = WeatherOrNot;
		};
		0B0DA25425979ACB0078FC1C /* PBXContainerItemProxy */ = {
			isa = PBXContainerItemProxy;
			containerPortal = 0B0DA22A25979AC80078FC1C /* Project object */;
			proxyType = 1;
			remoteGlobalIDString = 0B0DA23125979AC80078FC1C;
			remoteInfo = WeatherOrNot;
		};
/* End PBXContainerItemProxy section */

/* Begin PBXFileReference section */
		0B0DA23225979AC80078FC1C /* WeatherOrNot.app */ = {isa = PBXFileReference; explicitFileType = wrapper.application; includeInIndex = 0; path = WeatherOrNot.app; sourceTree = BUILT_PRODUCTS_DIR; };
		0B0DA23525979AC80078FC1C /* AppDelegate.swift */ = {isa = PBXFileReference; lastKnownFileType = sourcecode.swift; path = AppDelegate.swift; sourceTree = "<group>"; };
		0B0DA23725979AC80078FC1C /* SceneDelegate.swift */ = {isa = PBXFileReference; lastKnownFileType = sourcecode.swift; path = SceneDelegate.swift; sourceTree = "<group>"; };
		0B0DA23E25979ACB0078FC1C /* Assets.xcassets */ = {isa = PBXFileReference; lastKnownFileType = folder.assetcatalog; path = Assets.xcassets; sourceTree = "<group>"; };
		0B0DA24125979ACB0078FC1C /* Base */ = {isa = PBXFileReference; lastKnownFileType = file.storyboard; name = Base; path = Base.lproj/LaunchScreen.storyboard; sourceTree = "<group>"; };
		0B0DA24325979ACB0078FC1C /* Info.plist */ = {isa = PBXFileReference; lastKnownFileType = text.plist.xml; path = Info.plist; sourceTree = "<group>"; };
		0B0DA24825979ACB0078FC1C /* WeatherOrNotTests.xctest */ = {isa = PBXFileReference; explicitFileType = wrapper.cfbundle; includeInIndex = 0; path = WeatherOrNotTests.xctest; sourceTree = BUILT_PRODUCTS_DIR; };
		0B0DA24C25979ACB0078FC1C /* WeatherOrNotTests.swift */ = {isa = PBXFileReference; lastKnownFileType = sourcecode.swift; path = WeatherOrNotTests.swift; sourceTree = "<group>"; };
		0B0DA24E25979ACB0078FC1C /* Info.plist */ = {isa = PBXFileReference; lastKnownFileType = text.plist.xml; path = Info.plist; sourceTree = "<group>"; };
		0B0DA25325979ACB0078FC1C /* WeatherOrNotUITests.xctest */ = {isa = PBXFileReference; explicitFileType = wrapper.cfbundle; includeInIndex = 0; path = WeatherOrNotUITests.xctest; sourceTree = BUILT_PRODUCTS_DIR; };
		0B0DA25725979ACB0078FC1C /* WeatherOrNotUITests.swift */ = {isa = PBXFileReference; lastKnownFileType = sourcecode.swift; path = WeatherOrNotUITests.swift; sourceTree = "<group>"; };
		0B0DA25925979ACB0078FC1C /* Info.plist */ = {isa = PBXFileReference; lastKnownFileType = text.plist.xml; path = Info.plist; sourceTree = "<group>"; };
		0B2F3F2625979E4000FF4C90 /* Coordinator.swift */ = {isa = PBXFileReference; lastKnownFileType = sourcecode.swift; path = Coordinator.swift; sourceTree = "<group>"; };
		0B2F3F3225979F6100FF4C90 /* WeatherVC.swift */ = {isa = PBXFileReference; lastKnownFileType = sourcecode.swift; path = WeatherVC.swift; sourceTree = "<group>"; };
		0B2F3F402597A0F100FF4C90 /* WeatherOverallView.swift */ = {isa = PBXFileReference; lastKnownFileType = sourcecode.swift; path = WeatherOverallView.swift; sourceTree = "<group>"; };
		0B2F3F492597A19700FF4C90 /* Services.swift */ = {isa = PBXFileReference; lastKnownFileType = sourcecode.swift; path = Services.swift; sourceTree = "<group>"; };
		0B2F3F572597A1C700FF4C90 /* LocationService.swift */ = {isa = PBXFileReference; lastKnownFileType = sourcecode.swift; path = LocationService.swift; sourceTree = "<group>"; };
		0B2F3F5C2597A1D900FF4C90 /* WeatherService.swift */ = {isa = PBXFileReference; lastKnownFileType = sourcecode.swift; path = WeatherService.swift; sourceTree = "<group>"; };
		0B2F3F6D2599EE0900FF4C90 /* Location.swift */ = {isa = PBXFileReference; lastKnownFileType = sourcecode.swift; path = Location.swift; sourceTree = "<group>"; };
		0B2F3F82259A083F00FF4C90 /* Weather.swift */ = {isa = PBXFileReference; lastKnownFileType = sourcecode.swift; path = Weather.swift; sourceTree = "<group>"; };
		0BA74F3B259BDDD000F653DD /* WeatherResponseDTO.swift */ = {isa = PBXFileReference; lastKnownFileType = sourcecode.swift; path = WeatherResponseDTO.swift; sourceTree = "<group>"; };
		0BA74F44259BE26600F653DD /* WeatherIconURLFormatter.swift */ = {isa = PBXFileReference; lastKnownFileType = sourcecode.swift; path = WeatherIconURLFormatter.swift; sourceTree = "<group>"; };
		0BA74F49259BE50200F653DD /* WindDirectionFormatter.swift */ = {isa = PBXFileReference; lastKnownFileType = sourcecode.swift; path = WindDirectionFormatter.swift; sourceTree = "<group>"; };
		33EF864EC72CAD7CD712D1E0 /* Pods_WeatherOrNot.framework */ = {isa = PBXFileReference; explicitFileType = wrapper.framework; includeInIndex = 0; path = Pods_WeatherOrNot.framework; sourceTree = BUILT_PRODUCTS_DIR; };
		4BBD6C7FA1B35BF46191517C /* Pods-WeatherOrNot.release.xcconfig */ = {isa = PBXFileReference; includeInIndex = 1; lastKnownFileType = text.xcconfig; name = "Pods-WeatherOrNot.release.xcconfig"; path = "Target Support Files/Pods-WeatherOrNot/Pods-WeatherOrNot.release.xcconfig"; sourceTree = "<group>"; };
		CA02A5E341B35B24B2649E96 /* Pods-WeatherOrNot.debug.xcconfig */ = {isa = PBXFileReference; includeInIndex = 1; lastKnownFileType = text.xcconfig; name = "Pods-WeatherOrNot.debug.xcconfig"; path = "Target Support Files/Pods-WeatherOrNot/Pods-WeatherOrNot.debug.xcconfig"; sourceTree = "<group>"; };
/* End PBXFileReference section */

/* Begin PBXFrameworksBuildPhase section */
		0B0DA22F25979AC80078FC1C /* Frameworks */ = {
			isa = PBXFrameworksBuildPhase;
			buildActionMask = 2147483647;
			files = (
				8CEAF1694B3A6F2CD07DBA72 /* Pods_WeatherOrNot.framework in Frameworks */,
			);
			runOnlyForDeploymentPostprocessing = 0;
		};
		0B0DA24525979ACB0078FC1C /* Frameworks */ = {
			isa = PBXFrameworksBuildPhase;
			buildActionMask = 2147483647;
			files = (
			);
			runOnlyForDeploymentPostprocessing = 0;
		};
		0B0DA25025979ACB0078FC1C /* Frameworks */ = {
			isa = PBXFrameworksBuildPhase;
			buildActionMask = 2147483647;
			files = (
			);
			runOnlyForDeploymentPostprocessing = 0;
		};
/* End PBXFrameworksBuildPhase section */

/* Begin PBXGroup section */
		0B0DA22925979AC80078FC1C = {
			isa = PBXGroup;
			children = (
				0B0DA23425979AC80078FC1C /* WeatherOrNot */,
				0B0DA24B25979ACB0078FC1C /* WeatherOrNotTests */,
				0B0DA25625979ACB0078FC1C /* WeatherOrNotUITests */,
				0B0DA23325979AC80078FC1C /* Products */,
				5E131F40317A90B6FA9341F9 /* Pods */,
				69DE31051E7501357B5657F4 /* Frameworks */,
			);
			sourceTree = "<group>";
		};
		0B0DA23325979AC80078FC1C /* Products */ = {
			isa = PBXGroup;
			children = (
				0B0DA23225979AC80078FC1C /* WeatherOrNot.app */,
				0B0DA24825979ACB0078FC1C /* WeatherOrNotTests.xctest */,
				0B0DA25325979ACB0078FC1C /* WeatherOrNotUITests.xctest */,
			);
			name = Products;
			sourceTree = "<group>";
		};
		0B0DA23425979AC80078FC1C /* WeatherOrNot */ = {
			isa = PBXGroup;
			children = (
				0BA74F43259BE21700F653DD /* Utils */,
				0B2F3F612599E78700FF4C90 /* Models */,
				0B2F3F482597A17100FF4C90 /* Services */,
				0B2F3F2325979E2800FF4C90 /* UI */,
				0B2F3F1F25979DE800FF4C90 /* Resources */,
				0B0DA23525979AC80078FC1C /* AppDelegate.swift */,
				0B0DA24325979ACB0078FC1C /* Info.plist */,
			);
			path = WeatherOrNot;
			sourceTree = "<group>";
		};
		0B0DA24B25979ACB0078FC1C /* WeatherOrNotTests */ = {
			isa = PBXGroup;
			children = (
				0B0DA24C25979ACB0078FC1C /* WeatherOrNotTests.swift */,
				0B0DA24E25979ACB0078FC1C /* Info.plist */,
			);
			path = WeatherOrNotTests;
			sourceTree = "<group>";
		};
		0B0DA25625979ACB0078FC1C /* WeatherOrNotUITests */ = {
			isa = PBXGroup;
			children = (
				0B0DA25725979ACB0078FC1C /* WeatherOrNotUITests.swift */,
				0B0DA25925979ACB0078FC1C /* Info.plist */,
			);
			path = WeatherOrNotUITests;
			sourceTree = "<group>";
		};
		0B2F3F1F25979DE800FF4C90 /* Resources */ = {
			isa = PBXGroup;
			children = (
				0B0DA23E25979ACB0078FC1C /* Assets.xcassets */,
				0B0DA24025979ACB0078FC1C /* LaunchScreen.storyboard */,
			);
			path = Resources;
			sourceTree = "<group>";
		};
		0B2F3F2325979E2800FF4C90 /* UI */ = {
			isa = PBXGroup;
			children = (
				0B2F3F2E25979E8D00FF4C90 /* WeatherScreen */,
				0B2F3F2425979E2E00FF4C90 /* Routing */,
			);
			path = UI;
			sourceTree = "<group>";
		};
		0B2F3F2425979E2E00FF4C90 /* Routing */ = {
			isa = PBXGroup;
			children = (
				0B0DA23725979AC80078FC1C /* SceneDelegate.swift */,
				0B2F3F2625979E4000FF4C90 /* Coordinator.swift */,
			);
			path = Routing;
			sourceTree = "<group>";
		};
		0B2F3F2E25979E8D00FF4C90 /* WeatherScreen */ = {
			isa = PBXGroup;
			children = (
				0B2F3F3225979F6100FF4C90 /* WeatherVC.swift */,
				0B2F3F402597A0F100FF4C90 /* WeatherOverallView.swift */,
			);
			path = WeatherScreen;
			sourceTree = "<group>";
		};
		0B2F3F482597A17100FF4C90 /* Services */ = {
			isa = PBXGroup;
			children = (
				0B2F3F492597A19700FF4C90 /* Services.swift */,
				0B2F3F572597A1C700FF4C90 /* LocationService.swift */,
				0B2F3F5C2597A1D900FF4C90 /* WeatherService.swift */,
			);
			path = Services;
			sourceTree = "<group>";
		};
		0B2F3F612599E78700FF4C90 /* Models */ = {
			isa = PBXGroup;
			children = (
				0B2F3F87259A088000FF4C90 /* Weather */,
				0B2F3F6D2599EE0900FF4C90 /* Location.swift */,
			);
			path = Models;
			sourceTree = "<group>";
		};
		0B2F3F87259A088000FF4C90 /* Weather */ = {
			isa = PBXGroup;
			children = (
				0B2F3F82259A083F00FF4C90 /* Weather.swift */,
				0BA74F3B259BDDD000F653DD /* WeatherResponseDTO.swift */,
			);
			path = Weather;
			sourceTree = "<group>";
		};
		0BA74F43259BE21700F653DD /* Utils */ = {
			isa = PBXGroup;
			children = (
				0BA74F44259BE26600F653DD /* WeatherIconURLFormatter.swift */,
				0BA74F49259BE50200F653DD /* WindDirectionFormatter.swift */,
			);
			path = Utils;
			sourceTree = "<group>";
		};
		5E131F40317A90B6FA9341F9 /* Pods */ = {
			isa = PBXGroup;
			children = (
				CA02A5E341B35B24B2649E96 /* Pods-WeatherOrNot.debug.xcconfig */,
				4BBD6C7FA1B35BF46191517C /* Pods-WeatherOrNot.release.xcconfig */,
			);
			path = Pods;
			sourceTree = "<group>";
		};
		69DE31051E7501357B5657F4 /* Frameworks */ = {
			isa = PBXGroup;
			children = (
				33EF864EC72CAD7CD712D1E0 /* Pods_WeatherOrNot.framework */,
			);
			name = Frameworks;
			sourceTree = "<group>";
		};
/* End PBXGroup section */

/* Begin PBXNativeTarget section */
		0B0DA23125979AC80078FC1C /* WeatherOrNot */ = {
			isa = PBXNativeTarget;
			buildConfigurationList = 0B0DA25C25979ACB0078FC1C /* Build configuration list for PBXNativeTarget "WeatherOrNot" */;
			buildPhases = (
				D18449A16A598058A9B60BE3 /* [CP] Check Pods Manifest.lock */,
				0B0DA22E25979AC80078FC1C /* Sources */,
				0B0DA22F25979AC80078FC1C /* Frameworks */,
				0B0DA23025979AC80078FC1C /* Resources */,
				B7A125187EA7F96E48FA283B /* [CP] Embed Pods Frameworks */,
			);
			buildRules = (
			);
			dependencies = (
			);
			name = WeatherOrNot;
			productName = WeatherOrNot;
			productReference = 0B0DA23225979AC80078FC1C /* WeatherOrNot.app */;
			productType = "com.apple.product-type.application";
		};
		0B0DA24725979ACB0078FC1C /* WeatherOrNotTests */ = {
			isa = PBXNativeTarget;
			buildConfigurationList = 0B0DA25F25979ACB0078FC1C /* Build configuration list for PBXNativeTarget "WeatherOrNotTests" */;
			buildPhases = (
				0B0DA24425979ACB0078FC1C /* Sources */,
				0B0DA24525979ACB0078FC1C /* Frameworks */,
				0B0DA24625979ACB0078FC1C /* Resources */,
			);
			buildRules = (
			);
			dependencies = (
				0B0DA24A25979ACB0078FC1C /* PBXTargetDependency */,
			);
			name = WeatherOrNotTests;
			productName = WeatherOrNotTests;
			productReference = 0B0DA24825979ACB0078FC1C /* WeatherOrNotTests.xctest */;
			productType = "com.apple.product-type.bundle.unit-test";
		};
		0B0DA25225979ACB0078FC1C /* WeatherOrNotUITests */ = {
			isa = PBXNativeTarget;
			buildConfigurationList = 0B0DA26225979ACB0078FC1C /* Build configuration list for PBXNativeTarget "WeatherOrNotUITests" */;
			buildPhases = (
				0B0DA24F25979ACB0078FC1C /* Sources */,
				0B0DA25025979ACB0078FC1C /* Frameworks */,
				0B0DA25125979ACB0078FC1C /* Resources */,
			);
			buildRules = (
			);
			dependencies = (
				0B0DA25525979ACB0078FC1C /* PBXTargetDependency */,
			);
			name = WeatherOrNotUITests;
			productName = WeatherOrNotUITests;
			productReference = 0B0DA25325979ACB0078FC1C /* WeatherOrNotUITests.xctest */;
			productType = "com.apple.product-type.bundle.ui-testing";
		};
/* End PBXNativeTarget section */

/* Begin PBXProject section */
		0B0DA22A25979AC80078FC1C /* Project object */ = {
			isa = PBXProject;
			attributes = {
				LastSwiftUpdateCheck = 1230;
				LastUpgradeCheck = 1230;
				TargetAttributes = {
					0B0DA23125979AC80078FC1C = {
						CreatedOnToolsVersion = 12.3;
					};
					0B0DA24725979ACB0078FC1C = {
						CreatedOnToolsVersion = 12.3;
						TestTargetID = 0B0DA23125979AC80078FC1C;
					};
					0B0DA25225979ACB0078FC1C = {
						CreatedOnToolsVersion = 12.3;
						TestTargetID = 0B0DA23125979AC80078FC1C;
					};
				};
			};
			buildConfigurationList = 0B0DA22D25979AC80078FC1C /* Build configuration list for PBXProject "WeatherOrNot" */;
			compatibilityVersion = "Xcode 9.3";
			developmentRegion = en;
			hasScannedForEncodings = 0;
			knownRegions = (
				en,
				Base,
			);
			mainGroup = 0B0DA22925979AC80078FC1C;
			productRefGroup = 0B0DA23325979AC80078FC1C /* Products */;
			projectDirPath = "";
			projectRoot = "";
			targets = (
				0B0DA23125979AC80078FC1C /* WeatherOrNot */,
				0B0DA24725979ACB0078FC1C /* WeatherOrNotTests */,
				0B0DA25225979ACB0078FC1C /* WeatherOrNotUITests */,
			);
		};
/* End PBXProject section */

/* Begin PBXResourcesBuildPhase section */
		0B0DA23025979AC80078FC1C /* Resources */ = {
			isa = PBXResourcesBuildPhase;
			buildActionMask = 2147483647;
			files = (
				0B0DA24225979ACB0078FC1C /* LaunchScreen.storyboard in Resources */,
				0B0DA23F25979ACB0078FC1C /* Assets.xcassets in Resources */,
			);
			runOnlyForDeploymentPostprocessing = 0;
		};
		0B0DA24625979ACB0078FC1C /* Resources */ = {
			isa = PBXResourcesBuildPhase;
			buildActionMask = 2147483647;
			files = (
			);
			runOnlyForDeploymentPostprocessing = 0;
		};
		0B0DA25125979ACB0078FC1C /* Resources */ = {
			isa = PBXResourcesBuildPhase;
			buildActionMask = 2147483647;
			files = (
			);
			runOnlyForDeploymentPostprocessing = 0;
		};
/* End PBXResourcesBuildPhase section */

/* Begin PBXShellScriptBuildPhase section */
		B7A125187EA7F96E48FA283B /* [CP] Embed Pods Frameworks */ = {
			isa = PBXShellScriptBuildPhase;
			buildActionMask = 2147483647;
			files = (
			);
			inputFileListPaths = (
				"${PODS_ROOT}/Target Support Files/Pods-WeatherOrNot/Pods-WeatherOrNot-frameworks-${CONFIGURATION}-input-files.xcfilelist",
			);
			name = "[CP] Embed Pods Frameworks";
			outputFileListPaths = (
				"${PODS_ROOT}/Target Support Files/Pods-WeatherOrNot/Pods-WeatherOrNot-frameworks-${CONFIGURATION}-output-files.xcfilelist",
			);
			runOnlyForDeploymentPostprocessing = 0;
			shellPath = /bin/sh;
			shellScript = "\"${PODS_ROOT}/Target Support Files/Pods-WeatherOrNot/Pods-WeatherOrNot-frameworks.sh\"\n";
			showEnvVarsInLog = 0;
		};
		D18449A16A598058A9B60BE3 /* [CP] Check Pods Manifest.lock */ = {
			isa = PBXShellScriptBuildPhase;
			buildActionMask = 2147483647;
			files = (
			);
			inputFileListPaths = (
			);
			inputPaths = (
				"${PODS_PODFILE_DIR_PATH}/Podfile.lock",
				"${PODS_ROOT}/Manifest.lock",
			);
			name = "[CP] Check Pods Manifest.lock";
			outputFileListPaths = (
			);
			outputPaths = (
				"$(DERIVED_FILE_DIR)/Pods-WeatherOrNot-checkManifestLockResult.txt",
			);
			runOnlyForDeploymentPostprocessing = 0;
			shellPath = /bin/sh;
			shellScript = "diff \"${PODS_PODFILE_DIR_PATH}/Podfile.lock\" \"${PODS_ROOT}/Manifest.lock\" > /dev/null\nif [ $? != 0 ] ; then\n    # print error to STDERR\n    echo \"error: The sandbox is not in sync with the Podfile.lock. Run 'pod install' or update your CocoaPods installation.\" >&2\n    exit 1\nfi\n# This output is used by Xcode 'outputs' to avoid re-running this script phase.\necho \"SUCCESS\" > \"${SCRIPT_OUTPUT_FILE_0}\"\n";
			showEnvVarsInLog = 0;
		};
/* End PBXShellScriptBuildPhase section */

/* Begin PBXSourcesBuildPhase section */
		0B0DA22E25979AC80078FC1C /* Sources */ = {
			isa = PBXSourcesBuildPhase;
			buildActionMask = 2147483647;
			files = (
				0BA74F45259BE26600F653DD /* WeatherIconURLFormatter.swift in Sources */,
				0B2F3F2725979E4000FF4C90 /* Coordinator.swift in Sources */,
				0BA74F4A259BE50200F653DD /* WindDirectionFormatter.swift in Sources */,
				0B2F3F5D2597A1D900FF4C90 /* WeatherService.swift in Sources */,
				0BA74F3C259BDDD000F653DD /* WeatherResponseDTO.swift in Sources */,
				0B2F3F6E2599EE0900FF4C90 /* Location.swift in Sources */,
				0B2F3F83259A083F00FF4C90 /* Weather.swift in Sources */,
				0B2F3F412597A0F100FF4C90 /* WeatherOverallView.swift in Sources */,
				0B2F3F582597A1C700FF4C90 /* LocationService.swift in Sources */,
				0B2F3F4A2597A19700FF4C90 /* Services.swift in Sources */,
				0B0DA23625979AC80078FC1C /* AppDelegate.swift in Sources */,
				0B0DA23825979AC80078FC1C /* SceneDelegate.swift in Sources */,
				0B2F3F3325979F6100FF4C90 /* WeatherVC.swift in Sources */,
			);
			runOnlyForDeploymentPostprocessing = 0;
		};
		0B0DA24425979ACB0078FC1C /* Sources */ = {
			isa = PBXSourcesBuildPhase;
			buildActionMask = 2147483647;
			files = (
				0B0DA24D25979ACB0078FC1C /* WeatherOrNotTests.swift in Sources */,
			);
			runOnlyForDeploymentPostprocessing = 0;
		};
		0B0DA24F25979ACB0078FC1C /* Sources */ = {
			isa = PBXSourcesBuildPhase;
			buildActionMask = 2147483647;
			files = (
				0B0DA25825979ACB0078FC1C /* WeatherOrNotUITests.swift in Sources */,
			);
			runOnlyForDeploymentPostprocessing = 0;
		};
/* End PBXSourcesBuildPhase section */

/* Begin PBXTargetDependency section */
		0B0DA24A25979ACB0078FC1C /* PBXTargetDependency */ = {
			isa = PBXTargetDependency;
			target = 0B0DA23125979AC80078FC1C /* WeatherOrNot */;
			targetProxy = 0B0DA24925979ACB0078FC1C /* PBXContainerItemProxy */;
		};
		0B0DA25525979ACB0078FC1C /* PBXTargetDependency */ = {
			isa = PBXTargetDependency;
			target = 0B0DA23125979AC80078FC1C /* WeatherOrNot */;
			targetProxy = 0B0DA25425979ACB0078FC1C /* PBXContainerItemProxy */;
		};
/* End PBXTargetDependency section */

/* Begin PBXVariantGroup section */
		0B0DA24025979ACB0078FC1C /* LaunchScreen.storyboard */ = {
			isa = PBXVariantGroup;
			children = (
				0B0DA24125979ACB0078FC1C /* Base */,
			);
			name = LaunchScreen.storyboard;
			sourceTree = "<group>";
		};
/* End PBXVariantGroup section */

/* Begin XCBuildConfiguration section */
		0B0DA25A25979ACB0078FC1C /* Debug */ = {
			isa = XCBuildConfiguration;
			buildSettings = {
				ALWAYS_SEARCH_USER_PATHS = NO;
				CLANG_ANALYZER_NONNULL = YES;
				CLANG_ANALYZER_NUMBER_OBJECT_CONVERSION = YES_AGGRESSIVE;
				CLANG_CXX_LANGUAGE_STANDARD = "gnu++14";
				CLANG_CXX_LIBRARY = "libc++";
				CLANG_ENABLE_MODULES = YES;
				CLANG_ENABLE_OBJC_ARC = YES;
				CLANG_ENABLE_OBJC_WEAK = YES;
				CLANG_WARN_BLOCK_CAPTURE_AUTORELEASING = YES;
				CLANG_WARN_BOOL_CONVERSION = YES;
				CLANG_WARN_COMMA = YES;
				CLANG_WARN_CONSTANT_CONVERSION = YES;
				CLANG_WARN_DEPRECATED_OBJC_IMPLEMENTATIONS = YES;
				CLANG_WARN_DIRECT_OBJC_ISA_USAGE = YES_ERROR;
				CLANG_WARN_DOCUMENTATION_COMMENTS = YES;
				CLANG_WARN_EMPTY_BODY = YES;
				CLANG_WARN_ENUM_CONVERSION = YES;
				CLANG_WARN_INFINITE_RECURSION = YES;
				CLANG_WARN_INT_CONVERSION = YES;
				CLANG_WARN_NON_LITERAL_NULL_CONVERSION = YES;
				CLANG_WARN_OBJC_IMPLICIT_RETAIN_SELF = YES;
				CLANG_WARN_OBJC_LITERAL_CONVERSION = YES;
				CLANG_WARN_OBJC_ROOT_CLASS = YES_ERROR;
				CLANG_WARN_QUOTED_INCLUDE_IN_FRAMEWORK_HEADER = YES;
				CLANG_WARN_RANGE_LOOP_ANALYSIS = YES;
				CLANG_WARN_STRICT_PROTOTYPES = YES;
				CLANG_WARN_SUSPICIOUS_MOVE = YES;
				CLANG_WARN_UNGUARDED_AVAILABILITY = YES_AGGRESSIVE;
				CLANG_WARN_UNREACHABLE_CODE = YES;
				CLANG_WARN__DUPLICATE_METHOD_MATCH = YES;
				COPY_PHASE_STRIP = NO;
				DEBUG_INFORMATION_FORMAT = dwarf;
				ENABLE_STRICT_OBJC_MSGSEND = YES;
				ENABLE_TESTABILITY = YES;
				GCC_C_LANGUAGE_STANDARD = gnu11;
				GCC_DYNAMIC_NO_PIC = NO;
				GCC_NO_COMMON_BLOCKS = YES;
				GCC_OPTIMIZATION_LEVEL = 0;
				GCC_PREPROCESSOR_DEFINITIONS = (
					"DEBUG=1",
					"$(inherited)",
				);
				GCC_WARN_64_TO_32_BIT_CONVERSION = YES;
				GCC_WARN_ABOUT_RETURN_TYPE = YES_ERROR;
				GCC_WARN_UNDECLARED_SELECTOR = YES;
				GCC_WARN_UNINITIALIZED_AUTOS = YES_AGGRESSIVE;
				GCC_WARN_UNUSED_FUNCTION = YES;
				GCC_WARN_UNUSED_VARIABLE = YES;
				IPHONEOS_DEPLOYMENT_TARGET = 14.3;
				MTL_ENABLE_DEBUG_INFO = INCLUDE_SOURCE;
				MTL_FAST_MATH = YES;
				ONLY_ACTIVE_ARCH = YES;
				SDKROOT = iphoneos;
				SWIFT_ACTIVE_COMPILATION_CONDITIONS = DEBUG;
				SWIFT_OPTIMIZATION_LEVEL = "-Onone";
			};
			name = Debug;
		};
		0B0DA25B25979ACB0078FC1C /* Release */ = {
			isa = XCBuildConfiguration;
			buildSettings = {
				ALWAYS_SEARCH_USER_PATHS = NO;
				CLANG_ANALYZER_NONNULL = YES;
				CLANG_ANALYZER_NUMBER_OBJECT_CONVERSION = YES_AGGRESSIVE;
				CLANG_CXX_LANGUAGE_STANDARD = "gnu++14";
				CLANG_CXX_LIBRARY = "libc++";
				CLANG_ENABLE_MODULES = YES;
				CLANG_ENABLE_OBJC_ARC = YES;
				CLANG_ENABLE_OBJC_WEAK = YES;
				CLANG_WARN_BLOCK_CAPTURE_AUTORELEASING = YES;
				CLANG_WARN_BOOL_CONVERSION = YES;
				CLANG_WARN_COMMA = YES;
				CLANG_WARN_CONSTANT_CONVERSION = YES;
				CLANG_WARN_DEPRECATED_OBJC_IMPLEMENTATIONS = YES;
				CLANG_WARN_DIRECT_OBJC_ISA_USAGE = YES_ERROR;
				CLANG_WARN_DOCUMENTATION_COMMENTS = YES;
				CLANG_WARN_EMPTY_BODY = YES;
				CLANG_WARN_ENUM_CONVERSION = YES;
				CLANG_WARN_INFINITE_RECURSION = YES;
				CLANG_WARN_INT_CONVERSION = YES;
				CLANG_WARN_NON_LITERAL_NULL_CONVERSION = YES;
				CLANG_WARN_OBJC_IMPLICIT_RETAIN_SELF = YES;
				CLANG_WARN_OBJC_LITERAL_CONVERSION = YES;
				CLANG_WARN_OBJC_ROOT_CLASS = YES_ERROR;
				CLANG_WARN_QUOTED_INCLUDE_IN_FRAMEWORK_HEADER = YES;
				CLANG_WARN_RANGE_LOOP_ANALYSIS = YES;
				CLANG_WARN_STRICT_PROTOTYPES = YES;
				CLANG_WARN_SUSPICIOUS_MOVE = YES;
				CLANG_WARN_UNGUARDED_AVAILABILITY = YES_AGGRESSIVE;
				CLANG_WARN_UNREACHABLE_CODE = YES;
				CLANG_WARN__DUPLICATE_METHOD_MATCH = YES;
				COPY_PHASE_STRIP = NO;
				DEBUG_INFORMATION_FORMAT = "dwarf-with-dsym";
				ENABLE_NS_ASSERTIONS = NO;
				ENABLE_STRICT_OBJC_MSGSEND = YES;
				GCC_C_LANGUAGE_STANDARD = gnu11;
				GCC_NO_COMMON_BLOCKS = YES;
				GCC_WARN_64_TO_32_BIT_CONVERSION = YES;
				GCC_WARN_ABOUT_RETURN_TYPE = YES_ERROR;
				GCC_WARN_UNDECLARED_SELECTOR = YES;
				GCC_WARN_UNINITIALIZED_AUTOS = YES_AGGRESSIVE;
				GCC_WARN_UNUSED_FUNCTION = YES;
				GCC_WARN_UNUSED_VARIABLE = YES;
				IPHONEOS_DEPLOYMENT_TARGET = 14.3;
				MTL_ENABLE_DEBUG_INFO = NO;
				MTL_FAST_MATH = YES;
				SDKROOT = iphoneos;
				SWIFT_COMPILATION_MODE = wholemodule;
				SWIFT_OPTIMIZATION_LEVEL = "-O";
				VALIDATE_PRODUCT = YES;
			};
			name = Release;
		};
		0B0DA25D25979ACB0078FC1C /* Debug */ = {
			isa = XCBuildConfiguration;
			baseConfigurationReference = CA02A5E341B35B24B2649E96 /* Pods-WeatherOrNot.debug.xcconfig */;
			buildSettings = {
				ASSETCATALOG_COMPILER_APPICON_NAME = AppIcon;
				ASSETCATALOG_COMPILER_GLOBAL_ACCENT_COLOR_NAME = AccentColor;
				CODE_SIGN_STYLE = Automatic;
				DEVELOPMENT_TEAM = 8LDHA8H5QT;
				INFOPLIST_FILE = WeatherOrNot/Info.plist;
				LD_RUNPATH_SEARCH_PATHS = (
					"$(inherited)",
					"@executable_path/Frameworks",
				);
				PRODUCT_BUNDLE_IDENTIFIER = com.deem.ru.WeatherOrNot;
				PRODUCT_NAME = "$(TARGET_NAME)";
				SWIFT_VERSION = 5.0;
				TARGETED_DEVICE_FAMILY = "1,2";
			};
			name = Debug;
		};
		0B0DA25E25979ACB0078FC1C /* Release */ = {
			isa = XCBuildConfiguration;
			baseConfigurationReference = 4BBD6C7FA1B35BF46191517C /* Pods-WeatherOrNot.release.xcconfig */;
			buildSettings = {
				ASSETCATALOG_COMPILER_APPICON_NAME = AppIcon;
				ASSETCATALOG_COMPILER_GLOBAL_ACCENT_COLOR_NAME = AccentColor;
				CODE_SIGN_STYLE = Automatic;
				DEVELOPMENT_TEAM = 8LDHA8H5QT;
				INFOPLIST_FILE = WeatherOrNot/Info.plist;
				LD_RUNPATH_SEARCH_PATHS = (
					"$(inherited)",
					"@executable_path/Frameworks",
				);
				PRODUCT_BUNDLE_IDENTIFIER = com.deem.ru.WeatherOrNot;
				PRODUCT_NAME = "$(TARGET_NAME)";
				SWIFT_VERSION = 5.0;
				TARGETED_DEVICE_FAMILY = "1,2";
			};
			name = Release;
		};
		0B0DA26025979ACB0078FC1C /* Debug */ = {
			isa = XCBuildConfiguration;
			buildSettings = {
				ALWAYS_EMBED_SWIFT_STANDARD_LIBRARIES = YES;
				BUNDLE_LOADER = "$(TEST_HOST)";
				CODE_SIGN_STYLE = Automatic;
				DEVELOPMENT_TEAM = 8LDHA8H5QT;
				INFOPLIST_FILE = WeatherOrNotTests/Info.plist;
				IPHONEOS_DEPLOYMENT_TARGET = 14.3;
				LD_RUNPATH_SEARCH_PATHS = (
					"$(inherited)",
					"@executable_path/Frameworks",
					"@loader_path/Frameworks",
				);
				PRODUCT_BUNDLE_IDENTIFIER = com.deem.ru.WeatherOrNotTests;
				PRODUCT_NAME = "$(TARGET_NAME)";
				SWIFT_VERSION = 5.0;
				TARGETED_DEVICE_FAMILY = "1,2";
				TEST_HOST = "$(BUILT_PRODUCTS_DIR)/WeatherOrNot.app/WeatherOrNot";
			};
			name = Debug;
		};
		0B0DA26125979ACB0078FC1C /* Release */ = {
			isa = XCBuildConfiguration;
			buildSettings = {
				ALWAYS_EMBED_SWIFT_STANDARD_LIBRARIES = YES;
				BUNDLE_LOADER = "$(TEST_HOST)";
				CODE_SIGN_STYLE = Automatic;
				DEVELOPMENT_TEAM = 8LDHA8H5QT;
				INFOPLIST_FILE = WeatherOrNotTests/Info.plist;
				IPHONEOS_DEPLOYMENT_TARGET = 14.3;
				LD_RUNPATH_SEARCH_PATHS = (
					"$(inherited)",
					"@executable_path/Frameworks",
					"@loader_path/Frameworks",
				);
				PRODUCT_BUNDLE_IDENTIFIER = com.deem.ru.WeatherOrNotTests;
				PRODUCT_NAME = "$(TARGET_NAME)";
				SWIFT_VERSION = 5.0;
				TARGETED_DEVICE_FAMILY = "1,2";
				TEST_HOST = "$(BUILT_PRODUCTS_DIR)/WeatherOrNot.app/WeatherOrNot";
			};
			name = Release;
		};
		0B0DA26325979ACB0078FC1C /* Debug */ = {
			isa = XCBuildConfiguration;
			buildSettings = {
				ALWAYS_EMBED_SWIFT_STANDARD_LIBRARIES = YES;
				CODE_SIGN_STYLE = Automatic;
				DEVELOPMENT_TEAM = 8LDHA8H5QT;
				INFOPLIST_FILE = WeatherOrNotUITests/Info.plist;
				LD_RUNPATH_SEARCH_PATHS = (
					"$(inherited)",
					"@executable_path/Frameworks",
					"@loader_path/Frameworks",
				);
				PRODUCT_BUNDLE_IDENTIFIER = com.deem.ru.WeatherOrNotUITests;
				PRODUCT_NAME = "$(TARGET_NAME)";
				SWIFT_VERSION = 5.0;
				TARGETED_DEVICE_FAMILY = "1,2";
				TEST_TARGET_NAME = WeatherOrNot;
			};
			name = Debug;
		};
		0B0DA26425979ACB0078FC1C /* Release */ = {
			isa = XCBuildConfiguration;
			buildSettings = {
				ALWAYS_EMBED_SWIFT_STANDARD_LIBRARIES = YES;
				CODE_SIGN_STYLE = Automatic;
				DEVELOPMENT_TEAM = 8LDHA8H5QT;
				INFOPLIST_FILE = WeatherOrNotUITests/Info.plist;
				LD_RUNPATH_SEARCH_PATHS = (
					"$(inherited)",
					"@executable_path/Frameworks",
					"@loader_path/Frameworks",
				);
				PRODUCT_BUNDLE_IDENTIFIER = com.deem.ru.WeatherOrNotUITests;
				PRODUCT_NAME = "$(TARGET_NAME)";
				SWIFT_VERSION = 5.0;
				TARGETED_DEVICE_FAMILY = "1,2";
				TEST_TARGET_NAME = WeatherOrNot;
			};
			name = Release;
		};
/* End XCBuildConfiguration section */

/* Begin XCConfigurationList section */
		0B0DA22D25979AC80078FC1C /* Build configuration list for PBXProject "WeatherOrNot" */ = {
			isa = XCConfigurationList;
			buildConfigurations = (
				0B0DA25A25979ACB0078FC1C /* Debug */,
				0B0DA25B25979ACB0078FC1C /* Release */,
			);
			defaultConfigurationIsVisible = 0;
			defaultConfigurationName = Release;
		};
		0B0DA25C25979ACB0078FC1C /* Build configuration list for PBXNativeTarget "WeatherOrNot" */ = {
			isa = XCConfigurationList;
			buildConfigurations = (
				0B0DA25D25979ACB0078FC1C /* Debug */,
				0B0DA25E25979ACB0078FC1C /* Release */,
			);
			defaultConfigurationIsVisible = 0;
			defaultConfigurationName = Release;
		};
		0B0DA25F25979ACB0078FC1C /* Build configuration list for PBXNativeTarget "WeatherOrNotTests" */ = {
			isa = XCConfigurationList;
			buildConfigurations = (
				0B0DA26025979ACB0078FC1C /* Debug */,
				0B0DA26125979ACB0078FC1C /* Release */,
			);
			defaultConfigurationIsVisible = 0;
			defaultConfigurationName = Release;
		};
		0B0DA26225979ACB0078FC1C /* Build configuration list for PBXNativeTarget "WeatherOrNotUITests" */ = {
			isa = XCConfigurationList;
			buildConfigurations = (
				0B0DA26325979ACB0078FC1C /* Debug */,
				0B0DA26425979ACB0078FC1C /* Release */,
			);
			defaultConfigurationIsVisible = 0;
			defaultConfigurationName = Release;
		};
/* End XCConfigurationList section */
	};
	rootObject = 0B0DA22A25979AC80078FC1C /* Project object */;
}
